# This file is generated by running "yarn install" inside your project.
# Manual changes might be lost - proceed with caution!

__metadata:
  version: 6
  cacheKey: 8

"@anthropic-ai/sdk@npm:^0.6.2":
  version: 0.6.2
  resolution: "@anthropic-ai/sdk@npm:0.6.2"
  dependencies:
    "@types/node": ^18.11.18
    "@types/node-fetch": ^2.6.4
    abort-controller: ^3.0.0
    agentkeepalive: ^4.2.1
    digest-fetch: ^1.3.0
    form-data-encoder: 1.7.2
    formdata-node: ^4.3.2
    node-fetch: ^2.6.7
  checksum: a07dd0d42fe83b79bec506399755161cb12d26df756093df7f6189d062d01bd944a4d909d9d13b178567e7778b8966fe6f4b7051b9397cbd035c3fc184289c36
  languageName: node
  linkType: hard

"@esbuild/android-arm64@npm:0.18.20":
  version: 0.18.20
  resolution: "@esbuild/android-arm64@npm:0.18.20"
  conditions: os=android & cpu=arm64
  languageName: node
  linkType: hard

"@esbuild/android-arm@npm:0.18.20":
  version: 0.18.20
  resolution: "@esbuild/android-arm@npm:0.18.20"
  conditions: os=android & cpu=arm
  languageName: node
  linkType: hard

"@esbuild/android-x64@npm:0.18.20":
  version: 0.18.20
  resolution: "@esbuild/android-x64@npm:0.18.20"
  conditions: os=android & cpu=x64
  languageName: node
  linkType: hard

"@esbuild/darwin-arm64@npm:0.18.20":
  version: 0.18.20
  resolution: "@esbuild/darwin-arm64@npm:0.18.20"
  conditions: os=darwin & cpu=arm64
  languageName: node
  linkType: hard

"@esbuild/darwin-x64@npm:0.18.20":
  version: 0.18.20
  resolution: "@esbuild/darwin-x64@npm:0.18.20"
  conditions: os=darwin & cpu=x64
  languageName: node
  linkType: hard

"@esbuild/freebsd-arm64@npm:0.18.20":
  version: 0.18.20
  resolution: "@esbuild/freebsd-arm64@npm:0.18.20"
  conditions: os=freebsd & cpu=arm64
  languageName: node
  linkType: hard

"@esbuild/freebsd-x64@npm:0.18.20":
  version: 0.18.20
  resolution: "@esbuild/freebsd-x64@npm:0.18.20"
  conditions: os=freebsd & cpu=x64
  languageName: node
  linkType: hard

"@esbuild/linux-arm64@npm:0.18.20":
  version: 0.18.20
  resolution: "@esbuild/linux-arm64@npm:0.18.20"
  conditions: os=linux & cpu=arm64
  languageName: node
  linkType: hard

"@esbuild/linux-arm@npm:0.18.20":
  version: 0.18.20
  resolution: "@esbuild/linux-arm@npm:0.18.20"
  conditions: os=linux & cpu=arm
  languageName: node
  linkType: hard

"@esbuild/linux-ia32@npm:0.18.20":
  version: 0.18.20
  resolution: "@esbuild/linux-ia32@npm:0.18.20"
  conditions: os=linux & cpu=ia32
  languageName: node
  linkType: hard

"@esbuild/linux-loong64@npm:0.18.20":
  version: 0.18.20
  resolution: "@esbuild/linux-loong64@npm:0.18.20"
  conditions: os=linux & cpu=loong64
  languageName: node
  linkType: hard

"@esbuild/linux-mips64el@npm:0.18.20":
  version: 0.18.20
  resolution: "@esbuild/linux-mips64el@npm:0.18.20"
  conditions: os=linux & cpu=mips64el
  languageName: node
  linkType: hard

"@esbuild/linux-ppc64@npm:0.18.20":
  version: 0.18.20
  resolution: "@esbuild/linux-ppc64@npm:0.18.20"
  conditions: os=linux & cpu=ppc64
  languageName: node
  linkType: hard

"@esbuild/linux-riscv64@npm:0.18.20":
  version: 0.18.20
  resolution: "@esbuild/linux-riscv64@npm:0.18.20"
  conditions: os=linux & cpu=riscv64
  languageName: node
  linkType: hard

"@esbuild/linux-s390x@npm:0.18.20":
  version: 0.18.20
  resolution: "@esbuild/linux-s390x@npm:0.18.20"
  conditions: os=linux & cpu=s390x
  languageName: node
  linkType: hard

"@esbuild/linux-x64@npm:0.18.20":
  version: 0.18.20
  resolution: "@esbuild/linux-x64@npm:0.18.20"
  conditions: os=linux & cpu=x64
  languageName: node
  linkType: hard

"@esbuild/netbsd-x64@npm:0.18.20":
  version: 0.18.20
  resolution: "@esbuild/netbsd-x64@npm:0.18.20"
  conditions: os=netbsd & cpu=x64
  languageName: node
  linkType: hard

"@esbuild/openbsd-x64@npm:0.18.20":
  version: 0.18.20
  resolution: "@esbuild/openbsd-x64@npm:0.18.20"
  conditions: os=openbsd & cpu=x64
  languageName: node
  linkType: hard

"@esbuild/sunos-x64@npm:0.18.20":
  version: 0.18.20
  resolution: "@esbuild/sunos-x64@npm:0.18.20"
  conditions: os=sunos & cpu=x64
  languageName: node
  linkType: hard

"@esbuild/win32-arm64@npm:0.18.20":
  version: 0.18.20
  resolution: "@esbuild/win32-arm64@npm:0.18.20"
  conditions: os=win32 & cpu=arm64
  languageName: node
  linkType: hard

"@esbuild/win32-ia32@npm:0.18.20":
  version: 0.18.20
  resolution: "@esbuild/win32-ia32@npm:0.18.20"
  conditions: os=win32 & cpu=ia32
  languageName: node
  linkType: hard

"@esbuild/win32-x64@npm:0.18.20":
  version: 0.18.20
  resolution: "@esbuild/win32-x64@npm:0.18.20"
  conditions: os=win32 & cpu=x64
  languageName: node
  linkType: hard

"@mongodb-js/saslprep@npm:^1.1.0":
  version: 1.1.0
  resolution: "@mongodb-js/saslprep@npm:1.1.0"
  dependencies:
    sparse-bitfield: ^3.0.3
  checksum: 1479a43e216734672f8eb1a2a55165b6896841bd00fb5bd645390a24374ef6c29f0f6d19a43618a19b8f1912fcbd2b2cc2210a62361103d1f28dce6852cf31d4
  languageName: node
  linkType: hard

"@notionhq/client@npm:^2.2.12, @notionhq/client@npm:^2.2.13":
  version: 2.2.13
  resolution: "@notionhq/client@npm:2.2.13"
  dependencies:
    "@types/node-fetch": ^2.5.10
    node-fetch: ^2.6.1
  checksum: 958eae0219f11fbb525c76bd8a933b1971c1f99470f2d6e37ca7d22ad6882c103691ec5323cface23a1c6e5e72546780436b3517bf519292e578b71b9ebf0d6b
  languageName: node
  linkType: hard

"@types/node-fetch@npm:^2.5.10, @types/node-fetch@npm:^2.6.4":
  version: 2.6.5
  resolution: "@types/node-fetch@npm:2.6.5"
  dependencies:
    "@types/node": "*"
    form-data: ^4.0.0
  checksum: 686ee0d52bb82d73f82c0da0bb025d4af1ba7bd8df4edd09336f6179eb838b6d4b5f0a524677a8faec2b00918d1b08a1690d50fa592c9741a5df6a8041a52495
  languageName: node
  linkType: hard

"@types/node@npm:*":
  version: 20.6.3
  resolution: "@types/node@npm:20.6.3"
  checksum: 444a6f1f41cfa8d3e20ce0108e6e43960fb2ae0e481f233bb1c14d6252aa63a92e021de561cd317d9fdb411688f871065f40175a1f18763282dee2613a08f8a3
  languageName: node
  linkType: hard

"@types/node@npm:^18.11.18":
  version: 18.17.18
  resolution: "@types/node@npm:18.17.18"
  checksum: 59cbd906363d37017fe9ba0c08c1446e440d4d977459609c5f90b8fb7eb41f273ce8af30c5a5b5d599d7de934c1b3702bc9fc27caf8d2270e5cdb659c5232991
  languageName: node
  linkType: hard

"@types/webidl-conversions@npm:*":
  version: 7.0.0
  resolution: "@types/webidl-conversions@npm:7.0.0"
  checksum: 60142c7ddd9eb6f907d232d6b3a81ecf990f73b5a62a004eba8bd0f54809a42ece68ce512e7e3e1d98af8b6393d66cddb96f3622d2fb223c4e9c8937c61bfed7
  languageName: node
  linkType: hard

"@types/whatwg-url@npm:^8.2.1":
  version: 8.2.2
  resolution: "@types/whatwg-url@npm:8.2.2"
  dependencies:
    "@types/node": "*"
    "@types/webidl-conversions": "*"
  checksum: 5dc5afe078dfa1a8a266745586fa3db9baa8ce7cc904789211d1dca1d34d7f3dd17d0b7423c36bc9beab9d98aa99338f1fc60798c0af6cbb8356f20e20d9f243
  languageName: node
  linkType: hard

"@vue/reactivity@npm:~3.1.1":
  version: 3.1.5
  resolution: "@vue/reactivity@npm:3.1.5"
  dependencies:
    "@vue/shared": 3.1.5
  checksum: b7dfcaa30aacd658502ce9373d4343d3607486796fbaae28d4ac4ab955cec766c8c6a34cb422965b21154b6319e467c54259cd6da2d9b2687501cd9e36f4197c
  languageName: node
  linkType: hard

"@vue/shared@npm:3.1.5":
  version: 3.1.5
  resolution: "@vue/shared@npm:3.1.5"
  checksum: a34b942e1aeed5d2b0fe887d0804061d2e799ef9a0d641aaae368c6fa9e2bf311e415f02883f26963bd35d90cac165433cfe74360f7ee88304fccaa144422d83
  languageName: node
  linkType: hard

"abort-controller@npm:^3.0.0":
  version: 3.0.0
  resolution: "abort-controller@npm:3.0.0"
  dependencies:
    event-target-shim: ^5.0.0
  checksum: 170bdba9b47b7e65906a28c8ce4f38a7a369d78e2271706f020849c1bfe0ee2067d4261df8bbb66eb84f79208fd5b710df759d64191db58cfba7ce8ef9c54b75
  languageName: node
  linkType: hard

"agentkeepalive@npm:^4.2.1":
  version: 4.5.0
  resolution: "agentkeepalive@npm:4.5.0"
  dependencies:
    humanize-ms: ^1.2.1
  checksum: 13278cd5b125e51eddd5079f04d6fe0914ac1b8b91c1f3db2c1822f99ac1a7457869068997784342fe455d59daaff22e14fb7b8c3da4e741896e7e31faf92481
  languageName: node
  linkType: hard

"alpinejs@npm:^3.12.3":
  version: 3.13.0
  resolution: "alpinejs@npm:3.13.0"
  dependencies:
    "@vue/reactivity": ~3.1.1
  checksum: f28e69b5783670927703b035735b83767f328ee77749f4fdfa2d533d1857ebe2323d46a143db76878a21155e7804535336da90c36a68ca7e106f9905aa9cc0d8
  languageName: node
  linkType: hard

"any-promise@npm:^1.0.0, any-promise@npm:^1.3.0":
  version: 1.3.0
  resolution: "any-promise@npm:1.3.0"
  checksum: 0ee8a9bdbe882c90464d75d1f55cf027f5458650c4bd1f0467e65aec38ccccda07ca5844969ee77ed46d04e7dded3eaceb027e8d32f385688523fe305fa7e1de
  languageName: node
  linkType: hard

"asynckit@npm:^0.4.0":
  version: 0.4.0
  resolution: "asynckit@npm:0.4.0"
  checksum: 7b78c451df768adba04e2d02e63e2d0bf3b07adcd6e42b4cf665cb7ce899bedd344c69a1dcbce355b5f972d597b25aaa1c1742b52cffd9caccb22f348114f6be
  languageName: node
  linkType: hard

"base-64@npm:^0.1.0":
  version: 0.1.0
  resolution: "base-64@npm:0.1.0"
  checksum: 5a42938f82372ab5392cbacc85a5a78115cbbd9dbef9f7540fa47d78763a3a8bd7d598475f0d92341f66285afd377509851a9bb5c67bbecb89686e9255d5b3eb
  languageName: node
  linkType: hard

"bson@npm:^6.1.0":
  version: 6.1.0
  resolution: "bson@npm:6.1.0"
  checksum: 8250c8158c22d2a0ca0e7677c0cbef9fa6341c176382b835dbf4c7f8aebdfd74d530f7225c6f3b98ca78a68aab4f1ad3d2fad54160a98b3e6ed9823b80db2e48
  languageName: node
  linkType: hard

"charenc@npm:0.0.2":
  version: 0.0.2
  resolution: "charenc@npm:0.0.2"
  checksum: 81dcadbe57e861d527faf6dd3855dc857395a1c4d6781f4847288ab23cffb7b3ee80d57c15bba7252ffe3e5e8019db767757ee7975663ad2ca0939bb8fcaf2e5
  languageName: node
  linkType: hard

"combined-stream@npm:^1.0.8":
  version: 1.0.8
  resolution: "combined-stream@npm:1.0.8"
  dependencies:
    delayed-stream: ~1.0.0
  checksum: 49fa4aeb4916567e33ea81d088f6584749fc90c7abec76fd516bf1c5aa5c79f3584b5ba3de6b86d26ddd64bae5329c4c7479343250cfe71c75bb366eae53bb7c
  languageName: node
  linkType: hard

"crypt@npm:0.0.2":
  version: 0.0.2
  resolution: "crypt@npm:0.0.2"
  checksum: baf4c7bbe05df656ec230018af8cf7dbe8c14b36b98726939cef008d473f6fe7a4fad906cfea4062c93af516f1550a3f43ceb4d6615329612c6511378ed9fe34
  languageName: node
  linkType: hard

"debug@npm:^3.1.0":
  version: 3.2.7
  resolution: "debug@npm:3.2.7"
  dependencies:
    ms: ^2.1.1
  checksum: b3d8c5940799914d30314b7c3304a43305fd0715581a919dacb8b3176d024a782062368405b47491516d2091d6462d4d11f2f4974a405048094f8bfebfa3071c
  languageName: node
  linkType: hard

"delayed-stream@npm:~1.0.0":
  version: 1.0.0
  resolution: "delayed-stream@npm:1.0.0"
  checksum: 46fe6e83e2cb1d85ba50bd52803c68be9bd953282fa7096f51fc29edd5d67ff84ff753c51966061e5ba7cb5e47ef6d36a91924eddb7f3f3483b1c560f77a0020
  languageName: node
  linkType: hard

"digest-fetch@npm:^1.3.0":
  version: 1.3.0
  resolution: "digest-fetch@npm:1.3.0"
  dependencies:
    base-64: ^0.1.0
    md5: ^2.3.0
  checksum: 8ebdb4b9ef02b1ac0da532d25c7d08388f2552813dfadabfe7c4630e944bb4a48093b997fc926440a10e1ccf4912f2ce9adcf2d6687b0518dab8480e08f22f9d
  languageName: node
  linkType: hard

"esbuild@npm:^0.18.4":
  version: 0.18.20
  resolution: "esbuild@npm:0.18.20"
  dependencies:
    "@esbuild/android-arm": 0.18.20
    "@esbuild/android-arm64": 0.18.20
    "@esbuild/android-x64": 0.18.20
    "@esbuild/darwin-arm64": 0.18.20
    "@esbuild/darwin-x64": 0.18.20
    "@esbuild/freebsd-arm64": 0.18.20
    "@esbuild/freebsd-x64": 0.18.20
    "@esbuild/linux-arm": 0.18.20
    "@esbuild/linux-arm64": 0.18.20
    "@esbuild/linux-ia32": 0.18.20
    "@esbuild/linux-loong64": 0.18.20
    "@esbuild/linux-mips64el": 0.18.20
    "@esbuild/linux-ppc64": 0.18.20
    "@esbuild/linux-riscv64": 0.18.20
    "@esbuild/linux-s390x": 0.18.20
    "@esbuild/linux-x64": 0.18.20
    "@esbuild/netbsd-x64": 0.18.20
    "@esbuild/openbsd-x64": 0.18.20
    "@esbuild/sunos-x64": 0.18.20
    "@esbuild/win32-arm64": 0.18.20
    "@esbuild/win32-ia32": 0.18.20
    "@esbuild/win32-x64": 0.18.20
  dependenciesMeta:
    "@esbuild/android-arm":
      optional: true
    "@esbuild/android-arm64":
      optional: true
    "@esbuild/android-x64":
      optional: true
    "@esbuild/darwin-arm64":
      optional: true
    "@esbuild/darwin-x64":
      optional: true
    "@esbuild/freebsd-arm64":
      optional: true
    "@esbuild/freebsd-x64":
      optional: true
    "@esbuild/linux-arm":
      optional: true
    "@esbuild/linux-arm64":
      optional: true
    "@esbuild/linux-ia32":
      optional: true
    "@esbuild/linux-loong64":
      optional: true
    "@esbuild/linux-mips64el":
      optional: true
    "@esbuild/linux-ppc64":
      optional: true
    "@esbuild/linux-riscv64":
      optional: true
    "@esbuild/linux-s390x":
      optional: true
    "@esbuild/linux-x64":
      optional: true
    "@esbuild/netbsd-x64":
      optional: true
    "@esbuild/openbsd-x64":
      optional: true
    "@esbuild/sunos-x64":
      optional: true
    "@esbuild/win32-arm64":
      optional: true
    "@esbuild/win32-ia32":
      optional: true
    "@esbuild/win32-x64":
      optional: true
  bin:
    esbuild: bin/esbuild
  checksum: 5d253614e50cdb6ec22095afd0c414f15688e7278a7eb4f3720a6dd1306b0909cf431e7b9437a90d065a31b1c57be60130f63fe3e8d0083b588571f31ee6ec7b
  languageName: node
  linkType: hard

"event-target-shim@npm:^5.0.0":
  version: 5.0.1
  resolution: "event-target-shim@npm:5.0.1"
  checksum: 1ffe3bb22a6d51bdeb6bf6f7cf97d2ff4a74b017ad12284cc9e6a279e727dc30a5de6bb613e5596ff4dc3e517841339ad09a7eec44266eccb1aa201a30448166
  languageName: node
  linkType: hard

"flip-js@npm:^0.0.4":
  version: 0.0.4
  resolution: "flip-js@npm:0.0.4"
  checksum: ea6ed657796683b11484e878c477b768010f4457d5e22370d8d32d9d1b4e1833f98f3fd23f6d19ad93ade9397ef2f889353730944f7ba61a3fb00b305577b50c
  languageName: node
  linkType: hard

"form-data-encoder@npm:1.7.2":
  version: 1.7.2
  resolution: "form-data-encoder@npm:1.7.2"
  checksum: aeebd87a1cb009e13cbb5e4e4008e6202ed5f6551eb6d9582ba8a062005178907b90f4887899d3c993de879159b6c0c940af8196725b428b4248cec5af3acf5f
  languageName: node
  linkType: hard

"form-data@npm:^4.0.0":
  version: 4.0.0
  resolution: "form-data@npm:4.0.0"
  dependencies:
    asynckit: ^0.4.0
    combined-stream: ^1.0.8
    mime-types: ^2.1.12
  checksum: 01135bf8675f9d5c61ff18e2e2932f719ca4de964e3be90ef4c36aacfc7b9cb2fceb5eca0b7e0190e3383fe51c5b37f4cb80b62ca06a99aaabfcfd6ac7c9328c
  languageName: node
  linkType: hard

"formdata-node@npm:^4.3.2":
  version: 4.4.1
  resolution: "formdata-node@npm:4.4.1"
  dependencies:
    node-domexception: 1.0.0
    web-streams-polyfill: 4.0.0-beta.3
  checksum: d91d4f667cfed74827fc281594102c0dabddd03c9f8b426fc97123eedbf73f5060ee43205d89284d6854e2fc5827e030cd352ef68b93beda8decc2d72128c576
  languageName: node
  linkType: hard

"fs-extra@npm:^2.0.0":
  version: 2.1.2
  resolution: "fs-extra@npm:2.1.2"
  dependencies:
    graceful-fs: ^4.1.2
    jsonfile: ^2.1.0
  checksum: 3f9c7563a0e4265bf1edfda51dbe9899eb0197c71e7b20872c17f44cd246a72f2044fe3b8ba1033a87af5e04a65f66bc7fa45efad2326c0006519ae35da868ae
  languageName: node
  linkType: hard

"fs-promise@npm:^2.0.0":
  version: 2.0.3
  resolution: "fs-promise@npm:2.0.3"
  dependencies:
    any-promise: ^1.3.0
    fs-extra: ^2.0.0
    mz: ^2.6.0
    thenify-all: ^1.6.0
  checksum: ada6ff66dbea9d6ab1725a686d9acf7eabfc3171e63c5d77fbd2b5cbf96ab2ddc29a7ef83fa6bc845eff96ecb9a107903b998ccf9e27c5973aa718763d2bfa3c
  languageName: node
  linkType: hard

"graceful-fs@npm:^4.1.2, graceful-fs@npm:^4.1.6":
  version: 4.2.11
  resolution: "graceful-fs@npm:4.2.11"
  checksum: ac85f94da92d8eb6b7f5a8b20ce65e43d66761c55ce85ac96df6865308390da45a8d3f0296dd3a663de65d30ba497bd46c696cc1e248c72b13d6d567138a4fc7
  languageName: node
  linkType: hard

"humanize-ms@npm:^1.2.1":
  version: 1.2.1
  resolution: "humanize-ms@npm:1.2.1"
  dependencies:
    ms: ^2.0.0
  checksum: 9c7a74a2827f9294c009266c82031030eae811ca87b0da3dceb8d6071b9bde22c9f3daef0469c3c533cc67a97d8a167cd9fc0389350e5f415f61a79b171ded16
  languageName: node
  linkType: hard

"is-buffer@npm:~1.1.6":
  version: 1.1.6
  resolution: "is-buffer@npm:1.1.6"
  checksum: 4a186d995d8bbf9153b4bd9ff9fd04ae75068fe695d29025d25e592d9488911eeece84eefbd8fa41b8ddcc0711058a71d4c466dcf6f1f6e1d83830052d8ca707
  languageName: node
  linkType: hard

"jsonfile@npm:^2.1.0":
  version: 2.4.0
  resolution: "jsonfile@npm:2.4.0"
  dependencies:
    graceful-fs: ^4.1.6
  dependenciesMeta:
    graceful-fs:
      optional: true
  checksum: f5064aabbc9e35530dc471d8b203ae1f40dbe949ddde4391c6f6a6d310619a15f0efdae5587df594d1d70c555193aaeee9d2ed4aec9ffd5767bd5e4e62d49c3d
  languageName: node
  linkType: hard

"llamaindex@npm:^0.0.28":
  version: 0.0.28
  resolution: "llamaindex@npm:0.0.28"
  dependencies:
    "@anthropic-ai/sdk": ^0.6.2
    "@notionhq/client": ^2.2.13
    lodash: ^4.17.21
    md-utils-ts: ^2.0.0
    mongodb: ^6.0.0
    notion-md-crawler: ^0.0.2
    openai: ^4.7.0
    papaparse: ^5.4.1
    pdf-parse: ^1.1.1
    rake-modified: ^1.0.8
    replicate: ^0.18.0
    tiktoken-node: ^0.0.6
    uuid: ^9.0.1
    wink-nlp: ^1.14.3
  checksum: 6f31c2c5c40e4f113ce08e986fcc752b5902b3460880899605270fffa3f161dfb8190ea920aa247ab34f0d39fed90515b994878e6170b50a1144956eb47dfb30
  languageName: node
  linkType: hard

"lodash@npm:^4.17.21, lodash@npm:^4.17.4":
  version: 4.17.21
  resolution: "lodash@npm:4.17.21"
  checksum: eb835a2e51d381e561e508ce932ea50a8e5a68f4ebdd771ea240d3048244a8d13658acbd502cd4829768c56f2e16bdd4340b9ea141297d472517b83868e677f7
  languageName: node
  linkType: hard

"md-utils-ts@npm:^2.0.0":
  version: 2.0.0
  resolution: "md-utils-ts@npm:2.0.0"
  checksum: 587eeb888464af58450cc28516171c2fefc298970b5bb75bbcd9ecad4637e747dc4949d944b99418bd8da207b0f954566e5b95d316a000c60044771ef1150627
  languageName: node
  linkType: hard

"md5@npm:^2.3.0":
  version: 2.3.0
  resolution: "md5@npm:2.3.0"
  dependencies:
    charenc: 0.0.2
    crypt: 0.0.2
    is-buffer: ~1.1.6
  checksum: a63cacf4018dc9dee08c36e6f924a64ced735b37826116c905717c41cebeb41a522f7a526ba6ad578f9c80f02cb365033ccd67fe186ffbcc1a1faeb75daa9b6e
  languageName: node
  linkType: hard

"memory-pager@npm:^1.0.2":
  version: 1.5.0
  resolution: "memory-pager@npm:1.5.0"
  checksum: d1a2e684583ef55c61cd3a49101da645b11ad57014dfc565e0b43baa9004b743f7e4ab81493d8fff2ab24e9950987cc3209c94bcc4fc8d7e30a475489a1f15e9
  languageName: node
  linkType: hard

"mime-db@npm:1.52.0":
  version: 1.52.0
  resolution: "mime-db@npm:1.52.0"
  checksum: 0d99a03585f8b39d68182803b12ac601d9c01abfa28ec56204fa330bc9f3d1c5e14beb049bafadb3dbdf646dfb94b87e24d4ec7b31b7279ef906a8ea9b6a513f
  languageName: node
  linkType: hard

"mime-types@npm:^2.1.12":
  version: 2.1.35
  resolution: "mime-types@npm:2.1.35"
  dependencies:
    mime-db: 1.52.0
  checksum: 89a5b7f1def9f3af5dad6496c5ed50191ae4331cc5389d7c521c8ad28d5fdad2d06fd81baf38fed813dc4e46bb55c8145bb0ff406330818c9cf712fb2e9b3836
  languageName: node
  linkType: hard

"mongodb-connection-string-url@npm:^2.6.0":
  version: 2.6.0
  resolution: "mongodb-connection-string-url@npm:2.6.0"
  dependencies:
    "@types/whatwg-url": ^8.2.1
    whatwg-url: ^11.0.0
  checksum: 1d662f0ecfe96f7a400f625c244b2e52914c98f3562ee7d19941127578b5f8237624433bdcea285a654041b945b518803512989690c74548aec5860c5541c605
  languageName: node
  linkType: hard

"mongodb@npm:^6.0.0":
  version: 6.1.0
  resolution: "mongodb@npm:6.1.0"
  dependencies:
    "@mongodb-js/saslprep": ^1.1.0
    bson: ^6.1.0
    mongodb-connection-string-url: ^2.6.0
  peerDependencies:
    "@aws-sdk/credential-providers": ^3.188.0
    "@mongodb-js/zstd": ^1.1.0
    gcp-metadata: ^5.2.0
    kerberos: ^2.0.1
    mongodb-client-encryption: ">=6.0.0 <7"
    snappy: ^7.2.2
    socks: ^2.7.1
  peerDependenciesMeta:
    "@aws-sdk/credential-providers":
      optional: true
    "@mongodb-js/zstd":
      optional: true
    gcp-metadata:
      optional: true
    kerberos:
      optional: true
    mongodb-client-encryption:
      optional: true
    snappy:
      optional: true
    socks:
      optional: true
  checksum: ed60c14f0a7e2e9088ba58f29b0425bc5c00d81e3f692938e3bb887b2fdbb411935e845a8bab3faa7609e6e52e94b9705cf60fac61684d21b8bc92a5c3938964
  languageName: node
  linkType: hard

"ms@npm:^2.0.0, ms@npm:^2.1.1":
  version: 2.1.3
  resolution: "ms@npm:2.1.3"
  checksum: aa92de608021b242401676e35cfa5aa42dd70cbdc082b916da7fb925c542173e36bce97ea3e804923fe92c0ad991434e4a38327e15a1b5b5f945d66df615ae6d
  languageName: node
  linkType: hard

"mz@npm:^2.6.0":
  version: 2.7.0
  resolution: "mz@npm:2.7.0"
  dependencies:
    any-promise: ^1.0.0
    object-assign: ^4.0.1
    thenify-all: ^1.0.0
  checksum: 8427de0ece99a07e9faed3c0c6778820d7543e3776f9a84d22cf0ec0a8eb65f6e9aee9c9d353ff9a105ff62d33a9463c6ca638974cc652ee8140cd1e35951c87
  languageName: node
  linkType: hard

"node-domexception@npm:1.0.0":
  version: 1.0.0
  resolution: "node-domexception@npm:1.0.0"
  checksum: ee1d37dd2a4eb26a8a92cd6b64dfc29caec72bff5e1ed9aba80c294f57a31ba4895a60fd48347cf17dd6e766da0ae87d75657dfd1f384ebfa60462c2283f5c7f
  languageName: node
  linkType: hard

"node-ensure@npm:^0.0.0":
  version: 0.0.0
  resolution: "node-ensure@npm:0.0.0"
  checksum: 1124623beb1dec66889794286ec1761ac3bfac42ce93b8652903efa5af14227edce5bafa06c4e0675cdc850360931d7c9413e3b5406150f05b2c9bf5bb3ccce4
  languageName: node
  linkType: hard

"node-fetch@npm:^2.6.1, node-fetch@npm:^2.6.7":
  version: 2.7.0
  resolution: "node-fetch@npm:2.7.0"
  dependencies:
    whatwg-url: ^5.0.0
  peerDependencies:
    encoding: ^0.1.0
  peerDependenciesMeta:
    encoding:
      optional: true
  checksum: d76d2f5edb451a3f05b15115ec89fc6be39de37c6089f1b6368df03b91e1633fd379a7e01b7ab05089a25034b2023d959b47e59759cb38d88341b2459e89d6e5
  languageName: node
  linkType: hard

"notion-md-crawler@npm:^0.0.2":
  version: 0.0.2
  resolution: "notion-md-crawler@npm:0.0.2"
  dependencies:
    "@notionhq/client": ^2.2.12
    md-utils-ts: ^2.0.0
  checksum: 25cd27f25ce358edd9eb091965d44f71462bab806aa5a87d1dda640be9c30ea6d639286d5859c52b05e74464a234de91ea1b818cc8dab37a04dfd2214f28fef8
  languageName: node
  linkType: hard

"object-assign@npm:^4.0.1":
  version: 4.1.1
  resolution: "object-assign@npm:4.1.1"
  checksum: fcc6e4ea8c7fe48abfbb552578b1c53e0d194086e2e6bbbf59e0a536381a292f39943c6e9628af05b5528aa5e3318bb30d6b2e53cadaf5b8fe9e12c4b69af23f
  languageName: node
  linkType: hard

"omni-extension-template@workspace:.":
  version: 0.0.0-use.local
  resolution: "omni-extension-template@workspace:."
  dependencies:
    alpinejs: ^3.12.3
    esbuild: ^0.18.4
    flip-js: ^0.0.4
    llamaindex: ^0.0.28
    typescript: ^5.1.3
  languageName: unknown
  linkType: soft

"openai@npm:^4.7.0":
  version: 4.9.1
  resolution: "openai@npm:4.9.1"
  dependencies:
    "@types/node": ^18.11.18
    "@types/node-fetch": ^2.6.4
    abort-controller: ^3.0.0
    agentkeepalive: ^4.2.1
    digest-fetch: ^1.3.0
    form-data-encoder: 1.7.2
    formdata-node: ^4.3.2
    node-fetch: ^2.6.7
  bin:
    openai: bin/cli
  checksum: f66a91b9bb14e1052e1b2a646607162bc11e312d313c851592eba9375449f6612bec724c83f515a3f8ba95d6afc4120e5d2fcfb9f42523be74aa169f4cef8bfa
  languageName: node
  linkType: hard

"papaparse@npm:^5.4.1":
  version: 5.4.1
  resolution: "papaparse@npm:5.4.1"
  checksum: fc9e52f7158dca3517c229e3309065b1ab5da6c7194572fba4f31ff138bc43e3c91182cc40365cc828f97fe10d0aca416068fd731661058bea0f69ddb84a411a
  languageName: node
  linkType: hard

"pdf-parse@npm:^1.1.1":
  version: 1.1.1
  resolution: "pdf-parse@npm:1.1.1"
  dependencies:
    debug: ^3.1.0
    node-ensure: ^0.0.0
  checksum: 5d63a8be1b3b8915618b1b76350409513fdd7fe03c77056b2dd7a1c2da28a11e297645e33bb4e953e2c1cd0ae66980f30fd0bed2979877f894347962d9647241
  languageName: node
  linkType: hard

"punycode@npm:^2.1.1":
  version: 2.3.0
  resolution: "punycode@npm:2.3.0"
  checksum: 39f760e09a2a3bbfe8f5287cf733ecdad69d6af2fe6f97ca95f24b8921858b91e9ea3c9eeec6e08cede96181b3bb33f95c6ffd8c77e63986508aa2e8159fa200
  languageName: node
  linkType: hard

"rake-modified@npm:^1.0.8":
  version: 1.0.8
  resolution: "rake-modified@npm:1.0.8"
  dependencies:
    fs-promise: ^2.0.0
    lodash: ^4.17.4
  checksum: e041a775788d7e4707c68710138eaa8b3a669a5909db19632c84fcc5e47e24396c3717c8136dcc8e3fac8a42d8083bdea75064def41dda55e275fb53ec13b9d1
  languageName: node
  linkType: hard

"replicate@npm:^0.18.0":
  version: 0.18.0
  resolution: "replicate@npm:0.18.0"
  checksum: 547a8b386418aedf6e5be2086a63090e5a5f6cda36202a0122c4036a2af8a80efea420393e5efa4810c9cff0616a7df5adbd40fd4a0560f4aa1b4eda60a34794
  languageName: node
  linkType: hard

"sparse-bitfield@npm:^3.0.3":
  version: 3.0.3
  resolution: "sparse-bitfield@npm:3.0.3"
  dependencies:
    memory-pager: ^1.0.2
  checksum: 174da88dbbcc783d5dbd26921931cc83830280b8055fb05333786ebe6fc015b9601b24972b3d55920dd2d9f5fb120576fbfa2469b08e5222c9cadf3f05210aab
  languageName: node
  linkType: hard

"thenify-all@npm:^1.0.0, thenify-all@npm:^1.6.0":
  version: 1.6.0
  resolution: "thenify-all@npm:1.6.0"
  dependencies:
    thenify: ">= 3.1.0 < 4"
  checksum: dba7cc8a23a154cdcb6acb7f51d61511c37a6b077ec5ab5da6e8b874272015937788402fd271fdfc5f187f8cb0948e38d0a42dcc89d554d731652ab458f5343e
  languageName: node
  linkType: hard

"thenify@npm:>= 3.1.0 < 4":
  version: 3.3.1
  resolution: "thenify@npm:3.3.1"
  dependencies:
    any-promise: ^1.0.0
  checksum: 84e1b804bfec49f3531215f17b4a6e50fd4397b5f7c1bccc427b9c656e1ecfb13ea79d899930184f78bc2f57285c54d9a50a590c8868f4f0cef5c1d9f898b05e
  languageName: node
  linkType: hard

"tiktoken-node@npm:^0.0.6":
  version: 0.0.6
  resolution: "tiktoken-node@npm:0.0.6"
  checksum: 78f8b90f25268c12eac7553df6a1f9ee10b3e807e85c4bff50956a00b0f9f760b28580ae6b6e26d35f61e03e092b9618985d1826957f88bdc95c5b7303cc7d2d
  languageName: node
  linkType: hard

"tr46@npm:^3.0.0":
  version: 3.0.0
  resolution: "tr46@npm:3.0.0"
  dependencies:
    punycode: ^2.1.1
  checksum: 44c3cc6767fb800490e6e9fd64fd49041aa4e49e1f6a012b34a75de739cc9ed3a6405296072c1df8b6389ae139c5e7c6496f659cfe13a04a4bff3a1422981270
  languageName: node
  linkType: hard

"tr46@npm:~0.0.3":
  version: 0.0.3
  resolution: "tr46@npm:0.0.3"
  checksum: 726321c5eaf41b5002e17ffbd1fb7245999a073e8979085dacd47c4b4e8068ff5777142fc6726d6ca1fd2ff16921b48788b87225cbc57c72636f6efa8efbffe3
  languageName: node
  linkType: hard

"typescript@npm:^5.1.3":
  version: 5.2.2
  resolution: "typescript@npm:5.2.2"
  bin:
    tsc: bin/tsc
    tsserver: bin/tsserver
  checksum: 7912821dac4d962d315c36800fe387cdc0a6298dba7ec171b350b4a6e988b51d7b8f051317786db1094bd7431d526b648aba7da8236607febb26cf5b871d2d3c
  languageName: node
  linkType: hard

"typescript@patch:typescript@^5.1.3#~builtin<compat/typescript>":
  version: 5.2.2
  resolution: "typescript@patch:typescript@npm%3A5.2.2#~builtin<compat/typescript>::version=5.2.2&hash=ad5954"
  bin:
    tsc: bin/tsc
    tsserver: bin/tsserver
  checksum: 07106822b4305de3f22835cbba949a2b35451cad50888759b6818421290ff95d522b38ef7919e70fb381c5fe9c1c643d7dea22c8b31652a717ddbd57b7f4d554
  languageName: node
  linkType: hard

"uuid@npm:^9.0.1":
  version: 9.0.1
  resolution: "uuid@npm:9.0.1"
  bin:
    uuid: dist/bin/uuid
  checksum: 39931f6da74e307f51c0fb463dc2462807531dc80760a9bff1e35af4316131b4fc3203d16da60ae33f07fdca5b56f3f1dd662da0c99fea9aaeab2004780cc5f4
  languageName: node
  linkType: hard

"web-streams-polyfill@npm:4.0.0-beta.3":
  version: 4.0.0-beta.3
  resolution: "web-streams-polyfill@npm:4.0.0-beta.3"
  checksum: dfec1fbf52b9140e4183a941e380487b6c3d5d3838dd1259be81506c1c9f2abfcf5aeb670aeeecfd9dff4271a6d8fef931b193c7bedfb42542a3b05ff36c0d16
  languageName: node
  linkType: hard

"webidl-conversions@npm:^3.0.0":
  version: 3.0.1
  resolution: "webidl-conversions@npm:3.0.1"
  checksum: c92a0a6ab95314bde9c32e1d0a6dfac83b578f8fa5f21e675bc2706ed6981bc26b7eb7e6a1fab158e5ce4adf9caa4a0aee49a52505d4d13c7be545f15021b17c
  languageName: node
  linkType: hard

"webidl-conversions@npm:^7.0.0":
  version: 7.0.0
  resolution: "webidl-conversions@npm:7.0.0"
  checksum: f05588567a2a76428515333eff87200fae6c83c3948a7482ebb109562971e77ef6dc49749afa58abb993391227c5697b3ecca52018793e0cb4620a48f10bd21b
  languageName: node
  linkType: hard

"whatwg-url@npm:^11.0.0":
  version: 11.0.0
  resolution: "whatwg-url@npm:11.0.0"
  dependencies:
    tr46: ^3.0.0
    webidl-conversions: ^7.0.0
  checksum: ed4826aaa57e66bb3488a4b25c9cd476c46ba96052747388b5801f137dd740b73fde91ad207d96baf9f17fbcc80fc1a477ad65181b5eb5fa718d27c69501d7af
  languageName: node
  linkType: hard

"whatwg-url@npm:^5.0.0":
  version: 5.0.0
  resolution: "whatwg-url@npm:5.0.0"
  dependencies:
    tr46: ~0.0.3
    webidl-conversions: ^3.0.0
  checksum: b8daed4ad3356cc4899048a15b2c143a9aed0dfae1f611ebd55073310c7b910f522ad75d727346ad64203d7e6c79ef25eafd465f4d12775ca44b90fa82ed9e2c
  languageName: node
  linkType: hard

"wink-nlp@npm:^1.14.3":
  version: 1.14.3
  resolution: "wink-nlp@npm:1.14.3"
  checksum: c13e9bf904015800f2ace5f16425e7f4c96578a480d8552b623bf466a5f53491d27c719853595c0af39af02f18c46ded1f3e15796ec0eaf6120a01ee11fcee95
  languageName: node
  linkType: hard
